PODS:
  - KarteCore (2.21.0):
    - KarteUtilities (~> 3.3)
  - KarteInAppMessaging (2.11.0):
    - KarteCore (~> 2.3)
    - KarteUtilities (~> 3.0)
  - KarteRemoteNotification (2.7.1):
    - KarteCore (~> 2.0)
    - KarteUtilities (~> 3.0)
  - KarteUtilities (3.7.0):
    - KarteUtilities/standard (= 3.7.0)
  - KarteUtilities/standard (3.7.0)
  - KarteVariables (2.4.1):
    - KarteCore (~> 2.0)
    - KarteUtilities (~> 3.5)

DEPENDENCIES:
  - KarteCore
  - KarteInAppMessaging
  - KarteRemoteNotification
  - KarteVariables

SPEC REPOS:
  trunk:
    - KarteCore
    - KarteInAppMessaging
    - KarteRemoteNotification
    - KarteUtilities
    - KarteVariables

SPEC CHECKSUMS:
  KarteCore: d1a9579683d53f1489dfd90cf9612ea9a25c97a6
  KarteInAppMessaging: d7762b55622c657ed5a25c041c764a3ef7e6f2df
  KarteRemoteNotification: 2659e88b901733137cfbd03f258e03a1589049de
  KarteUtilities: 432cbe181f861314eecf37bd2bd236d2c9971721
  KarteVariables: 2390ed3840bcca6a233e7beeb0215e33246b7809

PODFILE CHECKSUM: 5d82846827304d15ad7a9db24a5a1e70a3566d3d

COCOAPODS: 1.11.3
